{
  "originHash" : "449830c2582f489bde827fe12202f02debdd76bfd903aa1727cb3a7981f396b9",
  "pins" : [
    {
      "identity" : "codablecsv",
      "kind" : "remoteSourceControl",
      "location" : "https://github.com/dehesa/CodableCSV.git",
      "state" : {
        "branch" : "master",
        "revision" : "99ace2cfdfbc19108b529c021005fb57a460e715"
      }
    },
    {
      "identity" : "grdb.swift",
      "kind" : "remoteSourceControl",
      "location" : "https://github.com/groue/GRDB.swift.git",
      "state" : {
        "branch" : "master",
        "revision" : "04543755d8deeaacf122e2856e4fc056dc304277"
      }
    },
    {
      "identity" : "swift-argument-parser",
      "kind" : "remoteSourceControl",
      "location" : "https://github.com/apple/swift-argument-parser",
      "state" : {
        "branch" : "main",
        "revision" : "e3d8a3dd42079ac0d3429246a59602c6f6bf9a21"
      }
    },
    {
      "identity" : "swift-log",
      "kind" : "remoteSourceControl",
      "location" : "https://github.com/apple/swift-log.git",
      "state" : {
        "branch" : "main",
        "revision" : "db86ac725bb4a194636c716461f5a166e93b29ba"
      }
    }
  ],
  "version" : 3
}
